
Microsoft Visual Studio Solution File, Format Version 12.00
# Visual Studio Version 17
VisualStudioVersion = 17.13.35818.85 d17.13
MinimumVisualStudioVersion = 10.0.40219.1
Project("{2150E333-8FDC-42A3-9474-1A3956D46DE8}") = "src", "src", "{36D591C7-65C7-A0D1-1CBC-10CDE441BDC8}"
EndProject
Project("{2150E333-8FDC-42A3-9474-1A3956D46DE8}") = "Microservices", "Microservices", "{94754155-831E-4DB5-A48F-243984102618}"
EndProject
Project("{2150E333-8FDC-42A3-9474-1A3956D46DE8}") = "Authentication", "Authentication", "{F68D36EB-E8BC-4E53-835C-14533B347347}"
EndProject
Project("{2150E333-8FDC-42A3-9474-1A3956D46DE8}") = "Tasks", "Tasks", "{2958593A-8F0F-450B-9F3E-9AEEFF5E59AB}"
EndProject
Project("{2150E333-8FDC-42A3-9474-1A3956D46DE8}") = "1. Presentation", "1. Presentation", "{19EC453F-A2BD-4AF5-8055-210B6658F7B1}"
EndProject
Project("{2150E333-8FDC-42A3-9474-1A3956D46DE8}") = "2. Application", "2. Application", "{6C940695-127B-469A-B287-A7248B7243FD}"
EndProject
Project("{2150E333-8FDC-42A3-9474-1A3956D46DE8}") = "3. Domain", "3. Domain", "{822975AA-0E61-4A62-BD72-1164226B9F4F}"
EndProject
Project("{2150E333-8FDC-42A3-9474-1A3956D46DE8}") = "4. Infrastructure", "4. Infrastructure", "{A5065554-917F-4D61-8B3D-FC819A07B8A2}"
EndProject
Project("{FAE04EC0-301F-11D3-BF4B-00C04F79EFBC}") = "Tasks.Api", "Tasks.Api\Tasks.Api.csproj", "{EB813A9B-669A-4003-8620-928E11FEBD01}"
EndProject
Project("{FAE04EC0-301F-11D3-BF4B-00C04F79EFBC}") = "Tasks.Application", "Tasks.Application\Tasks.Application.csproj", "{FC006EAF-C2FC-4127-A680-24114BD02966}"
EndProject
Project("{FAE04EC0-301F-11D3-BF4B-00C04F79EFBC}") = "Tasks.Domain", "Tasks.Domain\Tasks.Domain.csproj", "{5FFE0C9A-FC1F-492A-A3F4-1284E9D79AF5}"
EndProject
Project("{FAE04EC0-301F-11D3-BF4B-00C04F79EFBC}") = "Tasks.DataAccess.Postgres", "Tasks.DataAccess.Postgres\Tasks.DataAccess.Postgres.csproj", "{BC636B76-B8DD-44A3-A93A-01507B5DB273}"
EndProject
Project("{FAE04EC0-301F-11D3-BF4B-00C04F79EFBC}") = "Tasks.Infrastructure.Impl", "Tasks.Infrastructure.Impl\Tasks.Infrastructure.Impl.csproj", "{D663FEAD-28F1-46DC-AF2F-28C7C97637DA}"
EndProject
Global
	GlobalSection(SolutionConfigurationPlatforms) = preSolution
		Debug|Any CPU = Debug|Any CPU
		Release|Any CPU = Release|Any CPU
	EndGlobalSection
	GlobalSection(ProjectConfigurationPlatforms) = postSolution
		{EB813A9B-669A-4003-8620-928E11FEBD01}.Debug|Any CPU.ActiveCfg = Debug|Any CPU
		{EB813A9B-669A-4003-8620-928E11FEBD01}.Debug|Any CPU.Build.0 = Debug|Any CPU
		{EB813A9B-669A-4003-8620-928E11FEBD01}.Release|Any CPU.ActiveCfg = Release|Any CPU
		{EB813A9B-669A-4003-8620-928E11FEBD01}.Release|Any CPU.Build.0 = Release|Any CPU
		{FC006EAF-C2FC-4127-A680-24114BD02966}.Debug|Any CPU.ActiveCfg = Debug|Any CPU
		{FC006EAF-C2FC-4127-A680-24114BD02966}.Debug|Any CPU.Build.0 = Debug|Any CPU
		{FC006EAF-C2FC-4127-A680-24114BD02966}.Release|Any CPU.ActiveCfg = Release|Any CPU
		{FC006EAF-C2FC-4127-A680-24114BD02966}.Release|Any CPU.Build.0 = Release|Any CPU
		{5FFE0C9A-FC1F-492A-A3F4-1284E9D79AF5}.Debug|Any CPU.ActiveCfg = Debug|Any CPU
		{5FFE0C9A-FC1F-492A-A3F4-1284E9D79AF5}.Debug|Any CPU.Build.0 = Debug|Any CPU
		{5FFE0C9A-FC1F-492A-A3F4-1284E9D79AF5}.Release|Any CPU.ActiveCfg = Release|Any CPU
		{5FFE0C9A-FC1F-492A-A3F4-1284E9D79AF5}.Release|Any CPU.Build.0 = Release|Any CPU
		{BC636B76-B8DD-44A3-A93A-01507B5DB273}.Debug|Any CPU.ActiveCfg = Debug|Any CPU
		{BC636B76-B8DD-44A3-A93A-01507B5DB273}.Debug|Any CPU.Build.0 = Debug|Any CPU
		{BC636B76-B8DD-44A3-A93A-01507B5DB273}.Release|Any CPU.ActiveCfg = Release|Any CPU
		{BC636B76-B8DD-44A3-A93A-01507B5DB273}.Release|Any CPU.Build.0 = Release|Any CPU
		{D663FEAD-28F1-46DC-AF2F-28C7C97637DA}.Debug|Any CPU.ActiveCfg = Debug|Any CPU
		{D663FEAD-28F1-46DC-AF2F-28C7C97637DA}.Debug|Any CPU.Build.0 = Debug|Any CPU
		{D663FEAD-28F1-46DC-AF2F-28C7C97637DA}.Release|Any CPU.ActiveCfg = Release|Any CPU
		{D663FEAD-28F1-46DC-AF2F-28C7C97637DA}.Release|Any CPU.Build.0 = Release|Any CPU
	EndGlobalSection
	GlobalSection(SolutionProperties) = preSolution
		HideSolutionNode = FALSE
	EndGlobalSection
	GlobalSection(NestedProjects) = preSolution
		{94754155-831E-4DB5-A48F-243984102618} = {36D591C7-65C7-A0D1-1CBC-10CDE441BDC8}
		{F68D36EB-E8BC-4E53-835C-14533B347347} = {94754155-831E-4DB5-A48F-243984102618}
		{2958593A-8F0F-450B-9F3E-9AEEFF5E59AB} = {94754155-831E-4DB5-A48F-243984102618}
		{19EC453F-A2BD-4AF5-8055-210B6658F7B1} = {2958593A-8F0F-450B-9F3E-9AEEFF5E59AB}
		{6C940695-127B-469A-B287-A7248B7243FD} = {2958593A-8F0F-450B-9F3E-9AEEFF5E59AB}
		{822975AA-0E61-4A62-BD72-1164226B9F4F} = {2958593A-8F0F-450B-9F3E-9AEEFF5E59AB}
		{A5065554-917F-4D61-8B3D-FC819A07B8A2} = {2958593A-8F0F-450B-9F3E-9AEEFF5E59AB}
		{EB813A9B-669A-4003-8620-928E11FEBD01} = {19EC453F-A2BD-4AF5-8055-210B6658F7B1}
		{FC006EAF-C2FC-4127-A680-24114BD02966} = {6C940695-127B-469A-B287-A7248B7243FD}
		{5FFE0C9A-FC1F-492A-A3F4-1284E9D79AF5} = {822975AA-0E61-4A62-BD72-1164226B9F4F}
		{BC636B76-B8DD-44A3-A93A-01507B5DB273} = {A5065554-917F-4D61-8B3D-FC819A07B8A2}
		{D663FEAD-28F1-46DC-AF2F-28C7C97637DA} = {A5065554-917F-4D61-8B3D-FC819A07B8A2}
	EndGlobalSection
	GlobalSection(ExtensibilityGlobals) = postSolution
		SolutionGuid = {11A4E9F6-C907-4BF5-921E-8881B0EA289A}
	EndGlobalSection
EndGlobal
