
Microsoft Visual Studio Solution File, Format Version 12.00
# Visual Studio Version 17
VisualStudioVersion = 17.13.35818.85
MinimumVisualStudioVersion = 10.0.40219.1
Project("{2150E333-8FDC-42A3-9474-1A3956D46DE8}") = "src", "src", "{36D591C7-65C7-A0D1-1CBC-10CDE441BDC8}"
EndProject
Project("{2150E333-8FDC-42A3-9474-1A3956D46DE8}") = "Microservices", "Microservices", "{94754155-831E-4DB5-A48F-243984102618}"
EndProject
Project("{2150E333-8FDC-42A3-9474-1A3956D46DE8}") = "Authentication", "Authentication", "{F68D36EB-E8BC-4E53-835C-14533B347347}"
EndProject
Project("{2150E333-8FDC-42A3-9474-1A3956D46DE8}") = "Tasks", "Tasks", "{2958593A-8F0F-450B-9F3E-9AEEFF5E59AB}"
EndProject
Project("{2150E333-8FDC-42A3-9474-1A3956D46DE8}") = "1. Presentation", "1. Presentation", "{19EC453F-A2BD-4AF5-8055-210B6658F7B1}"
EndProject
Project("{2150E333-8FDC-42A3-9474-1A3956D46DE8}") = "2. Application", "2. Application", "{6C940695-127B-469A-B287-A7248B7243FD}"
EndProject
Project("{2150E333-8FDC-42A3-9474-1A3956D46DE8}") = "3. Domain", "3. Domain", "{822975AA-0E61-4A62-BD72-1164226B9F4F}"
EndProject
Project("{2150E333-8FDC-42A3-9474-1A3956D46DE8}") = "4. Infrastructure", "4. Infrastructure", "{A5065554-917F-4D61-8B3D-FC819A07B8A2}"
EndProject
Project("{9A19103F-16F7-4668-BE54-9A1E7A4F7556}") = "Tasks.Api", "Tasks.Api\Tasks.Api.csproj", "{EB813A9B-669A-4003-8620-928E11FEBD01}"
EndProject
Project("{9A19103F-16F7-4668-BE54-9A1E7A4F7556}") = "Tasks.Application", "Tasks.Application\Tasks.Application.csproj", "{FC006EAF-C2FC-4127-A680-24114BD02966}"
EndProject
Project("{9A19103F-16F7-4668-BE54-9A1E7A4F7556}") = "Tasks.Domain", "Tasks.Domain\Tasks.Domain.csproj", "{5FFE0C9A-FC1F-492A-A3F4-1284E9D79AF5}"
EndProject
Project("{9A19103F-16F7-4668-BE54-9A1E7A4F7556}") = "Tasks.DataAccess.Postgres", "Tasks.DataAccess.Postgres\Tasks.DataAccess.Postgres.csproj", "{BC636B76-B8DD-44A3-A93A-01507B5DB273}"
EndProject
Project("{9A19103F-16F7-4668-BE54-9A1E7A4F7556}") = "Tasks.Infrastructure.Impl", "Tasks.Infrastructure.Impl\Tasks.Infrastructure.Impl.csproj", "{D663FEAD-28F1-46DC-AF2F-28C7C97637DA}"
EndProject
Project("{9A19103F-16F7-4668-BE54-9A1E7A4F7556}") = "TaskManagerSystem.Common", "TaskManagerSystem.Common\TaskManagerSystem.Common.csproj", "{1D1BC83E-572B-4E82-82F0-F77CF867998F}"
EndProject
Project("{2150E333-8FDC-42A3-9474-1A3956D46DE8}") = "1. Presentatin", "1. Presentatin", "{9CEDD69E-E1CF-4B14-98AD-390AA7BED09D}"
EndProject
Project("{2150E333-8FDC-42A3-9474-1A3956D46DE8}") = "2. Application", "2. Application", "{E387AD32-D497-49FD-A3B1-C954D0A035AB}"
EndProject
Project("{2150E333-8FDC-42A3-9474-1A3956D46DE8}") = "3. Domain", "3. Domain", "{ADA264A9-64A9-4E61-A492-F6F87A691AE0}"
EndProject
Project("{2150E333-8FDC-42A3-9474-1A3956D46DE8}") = "4. Infrastructure", "4. Infrastructure", "{96FB962C-ACAE-4E10-B81C-230CAC7CEB21}"
EndProject
Project("{9A19103F-16F7-4668-BE54-9A1E7A4F7556}") = "AuthenticationService.Api", "AuthenticationService.Api\AuthenticationService.Api.csproj", "{A7972601-6E2F-4502-A3E1-B4D136FC048B}"
EndProject
Project("{9A19103F-16F7-4668-BE54-9A1E7A4F7556}") = "AuthenticationService.Application", "AuthenticationService.Application\AuthenticationService.Application.csproj", "{B54C2F03-3605-4CA3-9789-50DE8A4B6FD1}"
EndProject
Project("{9A19103F-16F7-4668-BE54-9A1E7A4F7556}") = "AuthenticationService.Domain", "AuthenticationService.Domain\AuthenticationService.Domain.csproj", "{178ABDC4-DBAA-45CA-BDF3-26DBE7963647}"
EndProject
Project("{9A19103F-16F7-4668-BE54-9A1E7A4F7556}") = "AuthenticationService.DataAccess.Postgres", "AuthenticationService.DataAccess.Postgres\AuthenticationService.DataAccess.Postgres.csproj", "{5EA445EC-BFEC-4279-948D-86D7E7E8A98D}"
EndProject
Project("{9A19103F-16F7-4668-BE54-9A1E7A4F7556}") = "AuthenticationService.Infrastructure.Impl", "AuthenticationService.Infrastructure.Impl\AuthenticationService.Infrastructure.Impl.csproj", "{43ABAA12-3A12-493D-81C3-0CF2655ACF3F}"
EndProject
Project("{2150E333-8FDC-42A3-9474-1A3956D46DE8}") = "Notificaion", "Notificaion", "{844E3E40-EE07-4C73-9CD0-1D3482F9C4BA}"
EndProject
Project("{2150E333-8FDC-42A3-9474-1A3956D46DE8}") = "1. Presentation", "1. Presentation", "{6CE6B455-3E01-4818-A1CD-BE4C944C641D}"
EndProject
Project("{2150E333-8FDC-42A3-9474-1A3956D46DE8}") = "2. Application", "2. Application", "{9B0B1793-D941-4116-B011-DEAE28257BB8}"
EndProject
Project("{2150E333-8FDC-42A3-9474-1A3956D46DE8}") = "3. Domain", "3. Domain", "{C5B936AB-5E67-4993-A0B3-476D02EDDFE0}"
EndProject
Project("{2150E333-8FDC-42A3-9474-1A3956D46DE8}") = "4. Infrastructure", "4. Infrastructure", "{D9797940-1CEB-4C10-8C9C-9E7D823711E6}"
EndProject
Project("{FAE04EC0-301F-11D3-BF4B-00C04F79EFBC}") = "Notification.Api", "Notification.Api\Notification.Api.csproj", "{4D84B56E-B40E-434D-9408-AC6A0D3CE17D}"
EndProject
Project("{FAE04EC0-301F-11D3-BF4B-00C04F79EFBC}") = "Notification.Application", "Notification.Application\Notification.Application.csproj", "{0892CBCD-2885-48EF-9408-7E276A0E8FDB}"
EndProject
Project("{FAE04EC0-301F-11D3-BF4B-00C04F79EFBC}") = "Notification.Infrastructure.Impl", "Notification.Infrastructure.Impl\Notification.Infrastructure.Impl.csproj", "{200FBB66-6939-488E-B563-E4B90B67CAEF}"
EndProject
Global
	GlobalSection(SolutionConfigurationPlatforms) = preSolution
		Debug|Any CPU = Debug|Any CPU
		Release|Any CPU = Release|Any CPU
	EndGlobalSection
	GlobalSection(ProjectConfigurationPlatforms) = postSolution
		{EB813A9B-669A-4003-8620-928E11FEBD01}.Debug|Any CPU.ActiveCfg = Debug|Any CPU
		{EB813A9B-669A-4003-8620-928E11FEBD01}.Debug|Any CPU.Build.0 = Debug|Any CPU
		{EB813A9B-669A-4003-8620-928E11FEBD01}.Release|Any CPU.ActiveCfg = Release|Any CPU
		{EB813A9B-669A-4003-8620-928E11FEBD01}.Release|Any CPU.Build.0 = Release|Any CPU
		{FC006EAF-C2FC-4127-A680-24114BD02966}.Debug|Any CPU.ActiveCfg = Debug|Any CPU
		{FC006EAF-C2FC-4127-A680-24114BD02966}.Debug|Any CPU.Build.0 = Debug|Any CPU
		{FC006EAF-C2FC-4127-A680-24114BD02966}.Release|Any CPU.ActiveCfg = Release|Any CPU
		{FC006EAF-C2FC-4127-A680-24114BD02966}.Release|Any CPU.Build.0 = Release|Any CPU
		{5FFE0C9A-FC1F-492A-A3F4-1284E9D79AF5}.Debug|Any CPU.ActiveCfg = Debug|Any CPU
		{5FFE0C9A-FC1F-492A-A3F4-1284E9D79AF5}.Debug|Any CPU.Build.0 = Debug|Any CPU
		{5FFE0C9A-FC1F-492A-A3F4-1284E9D79AF5}.Release|Any CPU.ActiveCfg = Release|Any CPU
		{5FFE0C9A-FC1F-492A-A3F4-1284E9D79AF5}.Release|Any CPU.Build.0 = Release|Any CPU
		{BC636B76-B8DD-44A3-A93A-01507B5DB273}.Debug|Any CPU.ActiveCfg = Debug|Any CPU
		{BC636B76-B8DD-44A3-A93A-01507B5DB273}.Debug|Any CPU.Build.0 = Debug|Any CPU
		{BC636B76-B8DD-44A3-A93A-01507B5DB273}.Release|Any CPU.ActiveCfg = Release|Any CPU
		{BC636B76-B8DD-44A3-A93A-01507B5DB273}.Release|Any CPU.Build.0 = Release|Any CPU
		{D663FEAD-28F1-46DC-AF2F-28C7C97637DA}.Debug|Any CPU.ActiveCfg = Debug|Any CPU
		{D663FEAD-28F1-46DC-AF2F-28C7C97637DA}.Debug|Any CPU.Build.0 = Debug|Any CPU
		{D663FEAD-28F1-46DC-AF2F-28C7C97637DA}.Release|Any CPU.ActiveCfg = Release|Any CPU
		{D663FEAD-28F1-46DC-AF2F-28C7C97637DA}.Release|Any CPU.Build.0 = Release|Any CPU
		{1D1BC83E-572B-4E82-82F0-F77CF867998F}.Debug|Any CPU.ActiveCfg = Debug|Any CPU
		{1D1BC83E-572B-4E82-82F0-F77CF867998F}.Debug|Any CPU.Build.0 = Debug|Any CPU
		{1D1BC83E-572B-4E82-82F0-F77CF867998F}.Release|Any CPU.ActiveCfg = Release|Any CPU
		{1D1BC83E-572B-4E82-82F0-F77CF867998F}.Release|Any CPU.Build.0 = Release|Any CPU
		{A7972601-6E2F-4502-A3E1-B4D136FC048B}.Debug|Any CPU.ActiveCfg = Debug|Any CPU
		{A7972601-6E2F-4502-A3E1-B4D136FC048B}.Debug|Any CPU.Build.0 = Debug|Any CPU
		{A7972601-6E2F-4502-A3E1-B4D136FC048B}.Release|Any CPU.ActiveCfg = Release|Any CPU
		{A7972601-6E2F-4502-A3E1-B4D136FC048B}.Release|Any CPU.Build.0 = Release|Any CPU
		{B54C2F03-3605-4CA3-9789-50DE8A4B6FD1}.Debug|Any CPU.ActiveCfg = Debug|Any CPU
		{B54C2F03-3605-4CA3-9789-50DE8A4B6FD1}.Debug|Any CPU.Build.0 = Debug|Any CPU
		{B54C2F03-3605-4CA3-9789-50DE8A4B6FD1}.Release|Any CPU.ActiveCfg = Release|Any CPU
		{B54C2F03-3605-4CA3-9789-50DE8A4B6FD1}.Release|Any CPU.Build.0 = Release|Any CPU
		{178ABDC4-DBAA-45CA-BDF3-26DBE7963647}.Debug|Any CPU.ActiveCfg = Debug|Any CPU
		{178ABDC4-DBAA-45CA-BDF3-26DBE7963647}.Debug|Any CPU.Build.0 = Debug|Any CPU
		{178ABDC4-DBAA-45CA-BDF3-26DBE7963647}.Release|Any CPU.ActiveCfg = Release|Any CPU
		{178ABDC4-DBAA-45CA-BDF3-26DBE7963647}.Release|Any CPU.Build.0 = Release|Any CPU
		{5EA445EC-BFEC-4279-948D-86D7E7E8A98D}.Debug|Any CPU.ActiveCfg = Debug|Any CPU
		{5EA445EC-BFEC-4279-948D-86D7E7E8A98D}.Debug|Any CPU.Build.0 = Debug|Any CPU
		{5EA445EC-BFEC-4279-948D-86D7E7E8A98D}.Release|Any CPU.ActiveCfg = Release|Any CPU
		{5EA445EC-BFEC-4279-948D-86D7E7E8A98D}.Release|Any CPU.Build.0 = Release|Any CPU
		{43ABAA12-3A12-493D-81C3-0CF2655ACF3F}.Debug|Any CPU.ActiveCfg = Debug|Any CPU
		{43ABAA12-3A12-493D-81C3-0CF2655ACF3F}.Debug|Any CPU.Build.0 = Debug|Any CPU
		{43ABAA12-3A12-493D-81C3-0CF2655ACF3F}.Release|Any CPU.ActiveCfg = Release|Any CPU
		{43ABAA12-3A12-493D-81C3-0CF2655ACF3F}.Release|Any CPU.Build.0 = Release|Any CPU
		{4D84B56E-B40E-434D-9408-AC6A0D3CE17D}.Debug|Any CPU.ActiveCfg = Debug|Any CPU
		{4D84B56E-B40E-434D-9408-AC6A0D3CE17D}.Debug|Any CPU.Build.0 = Debug|Any CPU
		{4D84B56E-B40E-434D-9408-AC6A0D3CE17D}.Release|Any CPU.ActiveCfg = Release|Any CPU
		{4D84B56E-B40E-434D-9408-AC6A0D3CE17D}.Release|Any CPU.Build.0 = Release|Any CPU
		{0892CBCD-2885-48EF-9408-7E276A0E8FDB}.Debug|Any CPU.ActiveCfg = Debug|Any CPU
		{0892CBCD-2885-48EF-9408-7E276A0E8FDB}.Debug|Any CPU.Build.0 = Debug|Any CPU
		{0892CBCD-2885-48EF-9408-7E276A0E8FDB}.Release|Any CPU.ActiveCfg = Release|Any CPU
		{0892CBCD-2885-48EF-9408-7E276A0E8FDB}.Release|Any CPU.Build.0 = Release|Any CPU
		{200FBB66-6939-488E-B563-E4B90B67CAEF}.Debug|Any CPU.ActiveCfg = Debug|Any CPU
		{200FBB66-6939-488E-B563-E4B90B67CAEF}.Debug|Any CPU.Build.0 = Debug|Any CPU
		{200FBB66-6939-488E-B563-E4B90B67CAEF}.Release|Any CPU.ActiveCfg = Release|Any CPU
		{200FBB66-6939-488E-B563-E4B90B67CAEF}.Release|Any CPU.Build.0 = Release|Any CPU
	EndGlobalSection
	GlobalSection(SolutionProperties) = preSolution
		HideSolutionNode = FALSE
	EndGlobalSection
	GlobalSection(NestedProjects) = preSolution
		{94754155-831E-4DB5-A48F-243984102618} = {36D591C7-65C7-A0D1-1CBC-10CDE441BDC8}
		{F68D36EB-E8BC-4E53-835C-14533B347347} = {94754155-831E-4DB5-A48F-243984102618}
		{2958593A-8F0F-450B-9F3E-9AEEFF5E59AB} = {94754155-831E-4DB5-A48F-243984102618}
		{19EC453F-A2BD-4AF5-8055-210B6658F7B1} = {2958593A-8F0F-450B-9F3E-9AEEFF5E59AB}
		{6C940695-127B-469A-B287-A7248B7243FD} = {2958593A-8F0F-450B-9F3E-9AEEFF5E59AB}
		{822975AA-0E61-4A62-BD72-1164226B9F4F} = {2958593A-8F0F-450B-9F3E-9AEEFF5E59AB}
		{A5065554-917F-4D61-8B3D-FC819A07B8A2} = {2958593A-8F0F-450B-9F3E-9AEEFF5E59AB}
		{EB813A9B-669A-4003-8620-928E11FEBD01} = {19EC453F-A2BD-4AF5-8055-210B6658F7B1}
		{FC006EAF-C2FC-4127-A680-24114BD02966} = {6C940695-127B-469A-B287-A7248B7243FD}
		{5FFE0C9A-FC1F-492A-A3F4-1284E9D79AF5} = {822975AA-0E61-4A62-BD72-1164226B9F4F}
		{BC636B76-B8DD-44A3-A93A-01507B5DB273} = {A5065554-917F-4D61-8B3D-FC819A07B8A2}
		{D663FEAD-28F1-46DC-AF2F-28C7C97637DA} = {A5065554-917F-4D61-8B3D-FC819A07B8A2}
		{1D1BC83E-572B-4E82-82F0-F77CF867998F} = {94754155-831E-4DB5-A48F-243984102618}
		{9CEDD69E-E1CF-4B14-98AD-390AA7BED09D} = {F68D36EB-E8BC-4E53-835C-14533B347347}
		{E387AD32-D497-49FD-A3B1-C954D0A035AB} = {F68D36EB-E8BC-4E53-835C-14533B347347}
		{ADA264A9-64A9-4E61-A492-F6F87A691AE0} = {F68D36EB-E8BC-4E53-835C-14533B347347}
		{96FB962C-ACAE-4E10-B81C-230CAC7CEB21} = {F68D36EB-E8BC-4E53-835C-14533B347347}
		{A7972601-6E2F-4502-A3E1-B4D136FC048B} = {9CEDD69E-E1CF-4B14-98AD-390AA7BED09D}
		{B54C2F03-3605-4CA3-9789-50DE8A4B6FD1} = {E387AD32-D497-49FD-A3B1-C954D0A035AB}
		{178ABDC4-DBAA-45CA-BDF3-26DBE7963647} = {ADA264A9-64A9-4E61-A492-F6F87A691AE0}
		{5EA445EC-BFEC-4279-948D-86D7E7E8A98D} = {96FB962C-ACAE-4E10-B81C-230CAC7CEB21}
		{43ABAA12-3A12-493D-81C3-0CF2655ACF3F} = {96FB962C-ACAE-4E10-B81C-230CAC7CEB21}
		{844E3E40-EE07-4C73-9CD0-1D3482F9C4BA} = {94754155-831E-4DB5-A48F-243984102618}
		{6CE6B455-3E01-4818-A1CD-BE4C944C641D} = {844E3E40-EE07-4C73-9CD0-1D3482F9C4BA}
		{9B0B1793-D941-4116-B011-DEAE28257BB8} = {844E3E40-EE07-4C73-9CD0-1D3482F9C4BA}
		{C5B936AB-5E67-4993-A0B3-476D02EDDFE0} = {844E3E40-EE07-4C73-9CD0-1D3482F9C4BA}
		{D9797940-1CEB-4C10-8C9C-9E7D823711E6} = {844E3E40-EE07-4C73-9CD0-1D3482F9C4BA}
		{4D84B56E-B40E-434D-9408-AC6A0D3CE17D} = {6CE6B455-3E01-4818-A1CD-BE4C944C641D}
		{0892CBCD-2885-48EF-9408-7E276A0E8FDB} = {9B0B1793-D941-4116-B011-DEAE28257BB8}
		{200FBB66-6939-488E-B563-E4B90B67CAEF} = {D9797940-1CEB-4C10-8C9C-9E7D823711E6}
	EndGlobalSection
	GlobalSection(ExtensibilityGlobals) = postSolution
		SolutionGuid = {11A4E9F6-C907-4BF5-921E-8881B0EA289A}
	EndGlobalSection
EndGlobal
